
Microsoft Visual Studio Solution File, Format Version 12.00
# Visual Studio Version 17
VisualStudioVersion = 17.9.34902.65
MinimumVisualStudioVersion = 10.0.40219.1
Project("{FAE04EC0-301F-11D3-BF4B-00C04F79EFBC}") = "IsScrollbarVisible", "IsScrollBarVisible\IsScrollbarVisible.csproj", "{7BCB086A-6528-47DA-A51A-13DD986E08D5}"
EndProject
Global
	GlobalSection(SolutionConfigurationPlatforms) = preSolution
		Debug|Any CPU = Debug|Any CPU
		Release|Any CPU = Release|Any CPU
	EndGlobalSection
	GlobalSection(ProjectConfigurationPlatforms) = postSolution
		{7BCB086A-6528-47DA-A51A-13DD986E08D5}.Debug|Any CPU.ActiveCfg = Debug|Any CPU
		{7BCB086A-6528-47DA-A51A-13DD986E08D5}.Debug|Any CPU.Build.0 = Debug|Any CPU
		{7BCB086A-6528-47DA-A51A-13DD986E08D5}.Release|Any CPU.ActiveCfg = Release|Any CPU
		{7BCB086A-6528-47DA-A51A-13DD986E08D5}.Release|Any CPU.Build.0 = Release|Any CPU
	EndGlobalSection
	GlobalSection(SolutionProperties) = preSolution
		HideSolutionNode = FALSE
	EndGlobalSection
	GlobalSection(ExtensibilityGlobals) = postSolution
		SolutionGuid = {274C91D6-43C2-406B-A66F-CD936927970C}
	EndGlobalSection
EndGlobal
